
Microsoft Visual Studio Solution File, Format Version 12.00
# Visual Studio Version 17
VisualStudioVersion = 17.3.32819.101
MinimumVisualStudioVersion = 10.0.40219.1
Project("{FAE04EC0-301F-11D3-BF4B-00C04F79EFBC}") = "WF_MySqlExecT9", "WF_MySqlExecT9\WF_MySqlExecT9.csproj", "{1BEFC55D-DA9B-42AA-AD47-9D6481C3662E}"
EndProject
Global
	GlobalSection(SolutionConfigurationPlatforms) = preSolution
		Debug|Any CPU = Debug|Any CPU
		Release|Any CPU = Release|Any CPU
	EndGlobalSection
	GlobalSection(ProjectConfigurationPlatforms) = postSolution
		{1BEFC55D-DA9B-42AA-AD47-9D6481C3662E}.Debug|Any CPU.ActiveCfg = Debug|Any CPU
		{1BEFC55D-DA9B-42AA-AD47-9D6481C3662E}.Debug|Any CPU.Build.0 = Debug|Any CPU
		{1BEFC55D-DA9B-42AA-AD47-9D6481C3662E}.Release|Any CPU.ActiveCfg = Release|Any CPU
		{1BEFC55D-DA9B-42AA-AD47-9D6481C3662E}.Release|Any CPU.Build.0 = Release|Any CPU
	EndGlobalSection
	GlobalSection(SolutionProperties) = preSolution
		HideSolutionNode = FALSE
	EndGlobalSection
	GlobalSection(ExtensibilityGlobals) = postSolution
		SolutionGuid = {5633CBFF-1AD3-46BB-8864-447A0F3AF7CF}
	EndGlobalSection
EndGlobal
